github.com/peanutgyz/gomod1 v0.0.0-20191212090637-8b1c951e7b60 h1:kgLBdoogGFQIfh6o13F2OLtJEMzRyhcd07tFxQY2aj8=
github.com/peanutgyz/gomod1 v0.0.0-20191212090637-8b1c951e7b60/go.mod h1:oQoMeGTMZTygfEjc5DOnmFEIEy2irvESgB0jPBe5ENo=
github.com/peanutgyz/gomod2 v0.0.0-20191212084750-65d694d6ad28 h1:e/zlXYAGgRMQ3wyCNySUsJiFuB1RJyG7RbAF0UnYARQ=
github.com/peanutgyz/gomod2 v0.0.0-20191212084750-65d694d6ad28/go.mod h1:mogg5nY05CKJLbUU0tw+eiRTMNOQDzJMnjoSfKkaM60=
github.com/peanutgyz/gomod2 v0.0.0-20191212090752-75b77e44d15b h1:VwDTZt17+egIJNXIYORcc2RjcHsNChSqqNa9o8RgrZs=
github.com/peanutgyz/gomod2 v0.0.0-20191212090752-75b77e44d15b/go.mod h1:Zu91b4Fg+0BsiWw1Hc5Qr8CudEoEIOyipd/zy0WuiNU=
github.com/peanutgyz/gomodmain v0.0.0-20191212085609-e4112cb5b0bb/go.mod h1:I+BI2ri3chdTvraUyeD62J0qeDqvds6kow0p5E6SQi8=
